github.com/liangx8/gl v0.0.0-20220415182338-df3fda922a1b h1:+0owZXDngzOGCy9ue/nXUfWwtgd0ASmYD0s8+04FTO8=
github.com/liangx8/gl v0.0.0-20220415182338-df3fda922a1b/go.mod h1:qrQT646IHHOdUIl+CKhJzIHCCcj8opXY91Qh7yis9cc=
github.com/liangx8/gl v0.0.1 h1:msWj/fQlzrjgucInQIYcZGJgLjKsmuu3XE0sEENg11k=
github.com/liangx8/gl v0.0.1/go.mod h1:qrQT646IHHOdUIl+CKhJzIHCCcj8opXY91Qh7yis9cc=
